# THIS IS AN AUTOGENERATED FILE. DO NOT EDIT THIS FILE DIRECTLY.
# yarn lockfile v1


unique-random-array@^1.0.1:
  version "1.0.1"
  resolved "https://registry.yarnpkg.com/unique-random-array/-/unique-random-array-1.0.1.tgz#f29bda2a62be8860a703c4739c8f4fdb4d722cc7"
  dependencies:
    unique-random "^1.0.0"

unique-random@^1.0.0:
  version "1.0.0"
  resolved "https://registry.yarnpkg.com/unique-random/-/unique-random-1.0.0.tgz#ce3e224c8242cd33a0e77b0d7180d77e6b62d0c4"
